
Microsoft Visual Studio Solution File, Format Version 12.00
# Visual Studio Version 18
VisualStudioVersion = 18.2.11415.280
MinimumVisualStudioVersion = 10.0.40219.1
Project("{9A19103F-16F7-4668-BE54-9A1E7A4F7556}") = "ShareX", "ShareX\ShareX.csproj", "{C5AE4585-E9EC-4FA3-B75A-E1210635ACB6}"
EndProject
Project("{9A19103F-16F7-4668-BE54-9A1E7A4F7556}") = "ShareX.ScreenCaptureLib", "ShareX.ScreenCaptureLib\ShareX.ScreenCaptureLib.csproj", "{DBDB0DAA-B3AE-4CC4-A8C2-20550B7F32E3}"
EndProject
Project("{9A19103F-16F7-4668-BE54-9A1E7A4F7556}") = "ShareX.HelpersLib", "ShareX.HelpersLib\ShareX.HelpersLib.csproj", "{327750E1-9FB7-4CC3-8AEA-9BC42180CAD3}"
EndProject
Project("{9A19103F-16F7-4668-BE54-9A1E7A4F7556}") = "ShareX.UploadersLib", "ShareX.UploadersLib\ShareX.UploadersLib.csproj", "{E1C94415-3424-4517-A2A1-B2FDD1F59C67}"
EndProject
Project("{2150E333-8FDC-42A3-9474-1A3956D46DE8}") = "Solution Items", "Solution Items", "{515655AC-4716-420E-BBA9-318680DBF355}"
	ProjectSection(SolutionItems) = preProject
		.editorconfig = .editorconfig
		.github\workflows\build.yml = .github\workflows\build.yml
		Directory.build.props = Directory.build.props
		Directory.build.targets = Directory.build.targets
		Directory.Packages.props = Directory.Packages.props
	EndProjectSection
EndProject
Project("{FAE04EC0-301F-11D3-BF4B-00C04F79EFBC}") = "ShareX.ImageEditor", "ShareX.ImageEditor\ShareX.ImageEditor.csproj", "{0156A9D8-E6EC-CE3A-92B7-AE1A23B9FBAE}"
EndProject
Project("{FAE04EC0-301F-11D3-BF4B-00C04F79EFBC}") = "ShareX.Avalonia", "ShareX.Avalonia\ShareX.Avalonia.csproj", "{6760D11A-1E09-432D-AF4E-DA0C110B69B9}"
EndProject
Project("{FAE04EC0-301F-11D3-BF4B-00C04F79EFBC}") = "ShareX.Tools", "ShareX.Tools\ShareX.Tools.csproj", "{7432E9BA-0664-435B-9F22-53593EAEBE61}"
EndProject
Project("{FAE04EC0-301F-11D3-BF4B-00C04F79EFBC}") = "ShareX.Updater", "ShareX.Updater\ShareX.Updater.csproj", "{51DC4796-E8FA-4034-9D6E-B8112CB691F4}"
EndProject
Global
	GlobalSection(SolutionConfigurationPlatforms) = preSolution
		Debug|ARM64 = Debug|ARM64
		Debug|x64 = Debug|x64
		Debug|Any CPU = Debug|Any CPU
		Debug|x86 = Debug|x86
		MicrosoftStore|ARM64 = MicrosoftStore|ARM64
		MicrosoftStore|x64 = MicrosoftStore|x64
		MicrosoftStore|Any CPU = MicrosoftStore|Any CPU
		MicrosoftStore|x86 = MicrosoftStore|x86
		MicrosoftStoreDebug|ARM64 = MicrosoftStoreDebug|ARM64
		MicrosoftStoreDebug|x64 = MicrosoftStoreDebug|x64
		MicrosoftStoreDebug|Any CPU = MicrosoftStoreDebug|Any CPU
		MicrosoftStoreDebug|x86 = MicrosoftStoreDebug|x86
		Release|ARM64 = Release|ARM64
		Release|x64 = Release|x64
		Release|Any CPU = Release|Any CPU
		Release|x86 = Release|x86
		Steam|ARM64 = Steam|ARM64
		Steam|x64 = Steam|x64
		Steam|Any CPU = Steam|Any CPU
		Steam|x86 = Steam|x86
	EndGlobalSection
	GlobalSection(ProjectConfigurationPlatforms) = postSolution
		{C5AE4585-E9EC-4FA3-B75A-E1210635ACB6}.Debug|ARM64.ActiveCfg = Debug|ARM64
		{C5AE4585-E9EC-4FA3-B75A-E1210635ACB6}.Debug|ARM64.Build.0 = Debug|ARM64
		{C5AE4585-E9EC-4FA3-B75A-E1210635ACB6}.Debug|x64.ActiveCfg = Debug|x64
		{C5AE4585-E9EC-4FA3-B75A-E1210635ACB6}.Debug|x64.Build.0 = Debug|x64
		{C5AE4585-E9EC-4FA3-B75A-E1210635ACB6}.Debug|Any CPU.ActiveCfg = Debug|Any CPU
		{C5AE4585-E9EC-4FA3-B75A-E1210635ACB6}.Debug|Any CPU.Build.0 = Debug|Any CPU
		{C5AE4585-E9EC-4FA3-B75A-E1210635ACB6}.Debug|x86.ActiveCfg = Debug|Any CPU
		{C5AE4585-E9EC-4FA3-B75A-E1210635ACB6}.Debug|x86.Build.0 = Debug|Any CPU
		{C5AE4585-E9EC-4FA3-B75A-E1210635ACB6}.MicrosoftStore|ARM64.ActiveCfg = MicrosoftStore|ARM64
		{C5AE4585-E9EC-4FA3-B75A-E1210635ACB6}.MicrosoftStore|ARM64.Build.0 = MicrosoftStore|ARM64
		{C5AE4585-E9EC-4FA3-B75A-E1210635ACB6}.MicrosoftStore|x64.ActiveCfg = MicrosoftStore|x64
		{C5AE4585-E9EC-4FA3-B75A-E1210635ACB6}.MicrosoftStore|x64.Build.0 = MicrosoftStore|x64
		{C5AE4585-E9EC-4FA3-B75A-E1210635ACB6}.MicrosoftStore|Any CPU.ActiveCfg = MicrosoftStore|Any CPU
		{C5AE4585-E9EC-4FA3-B75A-E1210635ACB6}.MicrosoftStore|Any CPU.Build.0 = MicrosoftStore|Any CPU
		{C5AE4585-E9EC-4FA3-B75A-E1210635ACB6}.MicrosoftStore|x86.ActiveCfg = MicrosoftStore|Any CPU
		{C5AE4585-E9EC-4FA3-B75A-E1210635ACB6}.MicrosoftStore|x86.Build.0 = MicrosoftStore|Any CPU
		{C5AE4585-E9EC-4FA3-B75A-E1210635ACB6}.MicrosoftStoreDebug|ARM64.ActiveCfg = MicrosoftStoreDebug|ARM64
		{C5AE4585-E9EC-4FA3-B75A-E1210635ACB6}.MicrosoftStoreDebug|ARM64.Build.0 = MicrosoftStoreDebug|ARM64
		{C5AE4585-E9EC-4FA3-B75A-E1210635ACB6}.MicrosoftStoreDebug|x64.ActiveCfg = MicrosoftStoreDebug|x64
		{C5AE4585-E9EC-4FA3-B75A-E1210635ACB6}.MicrosoftStoreDebug|x64.Build.0 = MicrosoftStoreDebug|x64
		{C5AE4585-E9EC-4FA3-B75A-E1210635ACB6}.MicrosoftStoreDebug|Any CPU.ActiveCfg = MicrosoftStoreDebug|Any CPU
		{C5AE4585-E9EC-4FA3-B75A-E1210635ACB6}.MicrosoftStoreDebug|Any CPU.Build.0 = MicrosoftStoreDebug|Any CPU
		{C5AE4585-E9EC-4FA3-B75A-E1210635ACB6}.MicrosoftStoreDebug|x86.ActiveCfg = MicrosoftStoreDebug|Any CPU
		{C5AE4585-E9EC-4FA3-B75A-E1210635ACB6}.MicrosoftStoreDebug|x86.Build.0 = MicrosoftStoreDebug|Any CPU
		{C5AE4585-E9EC-4FA3-B75A-E1210635ACB6}.Release|ARM64.ActiveCfg = Release|ARM64
		{C5AE4585-E9EC-4FA3-B75A-E1210635ACB6}.Release|ARM64.Build.0 = Release|ARM64
		{C5AE4585-E9EC-4FA3-B75A-E1210635ACB6}.Release|x64.ActiveCfg = Release|x64
		{C5AE4585-E9EC-4FA3-B75A-E1210635ACB6}.Release|x64.Build.0 = Release|x64
		{C5AE4585-E9EC-4FA3-B75A-E1210635ACB6}.Release|Any CPU.ActiveCfg = Release|Any CPU
		{C5AE4585-E9EC-4FA3-B75A-E1210635ACB6}.Release|Any CPU.Build.0 = Release|Any CPU
		{C5AE4585-E9EC-4FA3-B75A-E1210635ACB6}.Release|x86.ActiveCfg = Release|Any CPU
		{C5AE4585-E9EC-4FA3-B75A-E1210635ACB6}.Release|x86.Build.0 = Release|Any CPU
		{C5AE4585-E9EC-4FA3-B75A-E1210635ACB6}.Steam|ARM64.ActiveCfg = Steam|ARM64
		{C5AE4585-E9EC-4FA3-B75A-E1210635ACB6}.Steam|ARM64.Build.0 = Steam|ARM64
		{C5AE4585-E9EC-4FA3-B75A-E1210635ACB6}.Steam|x64.ActiveCfg = Steam|x64
		{C5AE4585-E9EC-4FA3-B75A-E1210635ACB6}.Steam|x64.Build.0 = Steam|x64
		{C5AE4585-E9EC-4FA3-B75A-E1210635ACB6}.Steam|Any CPU.ActiveCfg = Steam|Any CPU
		{C5AE4585-E9EC-4FA3-B75A-E1210635ACB6}.Steam|Any CPU.Build.0 = Steam|Any CPU
		{C5AE4585-E9EC-4FA3-B75A-E1210635ACB6}.Steam|x86.ActiveCfg = Steam|Any CPU
		{C5AE4585-E9EC-4FA3-B75A-E1210635ACB6}.Steam|x86.Build.0 = Steam|Any CPU
		{DBDB0DAA-B3AE-4CC4-A8C2-20550B7F32E3}.Debug|ARM64.ActiveCfg = Debug|ARM64
		{DBDB0DAA-B3AE-4CC4-A8C2-20550B7F32E3}.Debug|ARM64.Build.0 = Debug|ARM64
		{DBDB0DAA-B3AE-4CC4-A8C2-20550B7F32E3}.Debug|x64.ActiveCfg = Debug|x64
		{DBDB0DAA-B3AE-4CC4-A8C2-20550B7F32E3}.Debug|x64.Build.0 = Debug|x64
		{DBDB0DAA-B3AE-4CC4-A8C2-20550B7F32E3}.Debug|Any CPU.ActiveCfg = Debug|Any CPU
		{DBDB0DAA-B3AE-4CC4-A8C2-20550B7F32E3}.Debug|Any CPU.Build.0 = Debug|Any CPU
		{DBDB0DAA-B3AE-4CC4-A8C2-20550B7F32E3}.Debug|x86.ActiveCfg = Debug|Any CPU
		{DBDB0DAA-B3AE-4CC4-A8C2-20550B7F32E3}.Debug|x86.Build.0 = Debug|Any CPU
		{DBDB0DAA-B3AE-4CC4-A8C2-20550B7F32E3}.MicrosoftStore|ARM64.ActiveCfg = MicrosoftStore|ARM64
		{DBDB0DAA-B3AE-4CC4-A8C2-20550B7F32E3}.MicrosoftStore|ARM64.Build.0 = MicrosoftStore|ARM64
		{DBDB0DAA-B3AE-4CC4-A8C2-20550B7F32E3}.MicrosoftStore|x64.ActiveCfg = MicrosoftStore|x64
		{DBDB0DAA-B3AE-4CC4-A8C2-20550B7F32E3}.MicrosoftStore|x64.Build.0 = MicrosoftStore|x64
		{DBDB0DAA-B3AE-4CC4-A8C2-20550B7F32E3}.MicrosoftStore|Any CPU.ActiveCfg = MicrosoftStore|Any CPU
		{DBDB0DAA-B3AE-4CC4-A8C2-20550B7F32E3}.MicrosoftStore|Any CPU.Build.0 = MicrosoftStore|Any CPU
		{DBDB0DAA-B3AE-4CC4-A8C2-20550B7F32E3}.MicrosoftStore|x86.ActiveCfg = MicrosoftStore|Any CPU
		{DBDB0DAA-B3AE-4CC4-A8C2-20550B7F32E3}.MicrosoftStore|x86.Build.0 = MicrosoftStore|Any CPU
		{DBDB0DAA-B3AE-4CC4-A8C2-20550B7F32E3}.MicrosoftStoreDebug|ARM64.ActiveCfg = MicrosoftStoreDebug|ARM64
		{DBDB0DAA-B3AE-4CC4-A8C2-20550B7F32E3}.MicrosoftStoreDebug|ARM64.Build.0 = MicrosoftStoreDebug|ARM64
		{DBDB0DAA-B3AE-4CC4-A8C2-20550B7F32E3}.MicrosoftStoreDebug|x64.ActiveCfg = MicrosoftStoreDebug|x64
		{DBDB0DAA-B3AE-4CC4-A8C2-20550B7F32E3}.MicrosoftStoreDebug|x64.Build.0 = MicrosoftStoreDebug|x64
		{DBDB0DAA-B3AE-4CC4-A8C2-20550B7F32E3}.MicrosoftStoreDebug|Any CPU.ActiveCfg = MicrosoftStoreDebug|Any CPU
		{DBDB0DAA-B3AE-4CC4-A8C2-20550B7F32E3}.MicrosoftStoreDebug|Any CPU.Build.0 = MicrosoftStoreDebug|Any CPU
		{DBDB0DAA-B3AE-4CC4-A8C2-20550B7F32E3}.MicrosoftStoreDebug|x86.ActiveCfg = MicrosoftStoreDebug|Any CPU
		{DBDB0DAA-B3AE-4CC4-A8C2-20550B7F32E3}.MicrosoftStoreDebug|x86.Build.0 = MicrosoftStoreDebug|Any CPU
		{DBDB0DAA-B3AE-4CC4-A8C2-20550B7F32E3}.Release|ARM64.ActiveCfg = Release|ARM64
		{DBDB0DAA-B3AE-4CC4-A8C2-20550B7F32E3}.Release|ARM64.Build.0 = Release|ARM64
		{DBDB0DAA-B3AE-4CC4-A8C2-20550B7F32E3}.Release|x64.ActiveCfg = Release|x64
		{DBDB0DAA-B3AE-4CC4-A8C2-20550B7F32E3}.Release|x64.Build.0 = Release|x64
		{DBDB0DAA-B3AE-4CC4-A8C2-20550B7F32E3}.Release|Any CPU.ActiveCfg = Release|Any CPU
		{DBDB0DAA-B3AE-4CC4-A8C2-20550B7F32E3}.Release|Any CPU.Build.0 = Release|Any CPU
		{DBDB0DAA-B3AE-4CC4-A8C2-20550B7F32E3}.Release|x86.ActiveCfg = Release|Any CPU
		{DBDB0DAA-B3AE-4CC4-A8C2-20550B7F32E3}.Release|x86.Build.0 = Release|Any CPU
		{DBDB0DAA-B3AE-4CC4-A8C2-20550B7F32E3}.Steam|ARM64.ActiveCfg = Steam|ARM64
		{DBDB0DAA-B3AE-4CC4-A8C2-20550B7F32E3}.Steam|ARM64.Build.0 = Steam|ARM64
		{DBDB0DAA-B3AE-4CC4-A8C2-20550B7F32E3}.Steam|x64.ActiveCfg = Steam|x64
		{DBDB0DAA-B3AE-4CC4-A8C2-20550B7F32E3}.Steam|x64.Build.0 = Steam|x64
		{DBDB0DAA-B3AE-4CC4-A8C2-20550B7F32E3}.Steam|Any CPU.ActiveCfg = Steam|Any CPU
		{DBDB0DAA-B3AE-4CC4-A8C2-20550B7F32E3}.Steam|Any CPU.Build.0 = Steam|Any CPU
		{DBDB0DAA-B3AE-4CC4-A8C2-20550B7F32E3}.Steam|x86.ActiveCfg = Steam|Any CPU
		{DBDB0DAA-B3AE-4CC4-A8C2-20550B7F32E3}.Steam|x86.Build.0 = Steam|Any CPU
		{327750E1-9FB7-4CC3-8AEA-9BC42180CAD3}.Debug|ARM64.ActiveCfg = Debug|ARM64
		{327750E1-9FB7-4CC3-8AEA-9BC42180CAD3}.Debug|ARM64.Build.0 = Debug|ARM64
		{327750E1-9FB7-4CC3-8AEA-9BC42180CAD3}.Debug|x64.ActiveCfg = Debug|x64
		{327750E1-9FB7-4CC3-8AEA-9BC42180CAD3}.Debug|x64.Build.0 = Debug|x64
		{327750E1-9FB7-4CC3-8AEA-9BC42180CAD3}.Debug|Any CPU.ActiveCfg = Debug|Any CPU
		{327750E1-9FB7-4CC3-8AEA-9BC42180CAD3}.Debug|Any CPU.Build.0 = Debug|Any CPU
		{327750E1-9FB7-4CC3-8AEA-9BC42180CAD3}.Debug|x86.ActiveCfg = Debug|Any CPU
		{327750E1-9FB7-4CC3-8AEA-9BC42180CAD3}.Debug|x86.Build.0 = Debug|Any CPU
		{327750E1-9FB7-4CC3-8AEA-9BC42180CAD3}.MicrosoftStore|ARM64.ActiveCfg = MicrosoftStore|ARM64
		{327750E1-9FB7-4CC3-8AEA-9BC42180CAD3}.MicrosoftStore|ARM64.Build.0 = MicrosoftStore|ARM64
		{327750E1-9FB7-4CC3-8AEA-9BC42180CAD3}.MicrosoftStore|x64.ActiveCfg = MicrosoftStore|x64
		{327750E1-9FB7-4CC3-8AEA-9BC42180CAD3}.MicrosoftStore|x64.Build.0 = MicrosoftStore|x64
		{327750E1-9FB7-4CC3-8AEA-9BC42180CAD3}.MicrosoftStore|Any CPU.ActiveCfg = MicrosoftStore|Any CPU
		{327750E1-9FB7-4CC3-8AEA-9BC42180CAD3}.MicrosoftStore|Any CPU.Build.0 = MicrosoftStore|Any CPU
		{327750E1-9FB7-4CC3-8AEA-9BC42180CAD3}.MicrosoftStore|x86.ActiveCfg = MicrosoftStore|Any CPU
		{327750E1-9FB7-4CC3-8AEA-9BC42180CAD3}.MicrosoftStore|x86.Build.0 = MicrosoftStore|Any CPU
		{327750E1-9FB7-4CC3-8AEA-9BC42180CAD3}.MicrosoftStoreDebug|ARM64.ActiveCfg = MicrosoftStoreDebug|ARM64
		{327750E1-9FB7-4CC3-8AEA-9BC42180CAD3}.MicrosoftStoreDebug|ARM64.Build.0 = MicrosoftStoreDebug|ARM64
		{327750E1-9FB7-4CC3-8AEA-9BC42180CAD3}.MicrosoftStoreDebug|x64.ActiveCfg = MicrosoftStoreDebug|x64
		{327750E1-9FB7-4CC3-8AEA-9BC42180CAD3}.MicrosoftStoreDebug|x64.Build.0 = MicrosoftStoreDebug|x64
		{327750E1-9FB7-4CC3-8AEA-9BC42180CAD3}.MicrosoftStoreDebug|Any CPU.ActiveCfg = MicrosoftStoreDebug|Any CPU
		{327750E1-9FB7-4CC3-8AEA-9BC42180CAD3}.MicrosoftStoreDebug|Any CPU.Build.0 = MicrosoftStoreDebug|Any CPU
		{327750E1-9FB7-4CC3-8AEA-9BC42180CAD3}.MicrosoftStoreDebug|x86.ActiveCfg = MicrosoftStoreDebug|Any CPU
		{327750E1-9FB7-4CC3-8AEA-9BC42180CAD3}.MicrosoftStoreDebug|x86.Build.0 = MicrosoftStoreDebug|Any CPU
		{327750E1-9FB7-4CC3-8AEA-9BC42180CAD3}.Release|ARM64.ActiveCfg = Release|ARM64
		{327750E1-9FB7-4CC3-8AEA-9BC42180CAD3}.Release|ARM64.Build.0 = Release|ARM64
		{327750E1-9FB7-4CC3-8AEA-9BC42180CAD3}.Release|x64.ActiveCfg = Release|x64
		{327750E1-9FB7-4CC3-8AEA-9BC42180CAD3}.Release|x64.Build.0 = Release|x64
		{327750E1-9FB7-4CC3-8AEA-9BC42180CAD3}.Release|Any CPU.ActiveCfg = Release|Any CPU
		{327750E1-9FB7-4CC3-8AEA-9BC42180CAD3}.Release|Any CPU.Build.0 = Release|Any CPU
		{327750E1-9FB7-4CC3-8AEA-9BC42180CAD3}.Release|x86.ActiveCfg = Release|Any CPU
		{327750E1-9FB7-4CC3-8AEA-9BC42180CAD3}.Release|x86.Build.0 = Release|Any CPU
		{327750E1-9FB7-4CC3-8AEA-9BC42180CAD3}.Steam|ARM64.ActiveCfg = Steam|ARM64
		{327750E1-9FB7-4CC3-8AEA-9BC42180CAD3}.Steam|ARM64.Build.0 = Steam|ARM64
		{327750E1-9FB7-4CC3-8AEA-9BC42180CAD3}.Steam|x64.ActiveCfg = Steam|x64
		{327750E1-9FB7-4CC3-8AEA-9BC42180CAD3}.Steam|x64.Build.0 = Steam|x64
		{327750E1-9FB7-4CC3-8AEA-9BC42180CAD3}.Steam|Any CPU.ActiveCfg = Steam|Any CPU
		{327750E1-9FB7-4CC3-8AEA-9BC42180CAD3}.Steam|Any CPU.Build.0 = Steam|Any CPU
		{327750E1-9FB7-4CC3-8AEA-9BC42180CAD3}.Steam|x86.ActiveCfg = Steam|Any CPU
		{327750E1-9FB7-4CC3-8AEA-9BC42180CAD3}.Steam|x86.Build.0 = Steam|Any CPU
		{E1C94415-3424-4517-A2A1-B2FDD1F59C67}.Debug|ARM64.ActiveCfg = Debug|ARM64
		{E1C94415-3424-4517-A2A1-B2FDD1F59C67}.Debug|ARM64.Build.0 = Debug|ARM64
		{E1C94415-3424-4517-A2A1-B2FDD1F59C67}.Debug|x64.ActiveCfg = Debug|x64
		{E1C94415-3424-4517-A2A1-B2FDD1F59C67}.Debug|x64.Build.0 = Debug|x64
		{E1C94415-3424-4517-A2A1-B2FDD1F59C67}.Debug|Any CPU.ActiveCfg = Debug|Any CPU
		{E1C94415-3424-4517-A2A1-B2FDD1F59C67}.Debug|Any CPU.Build.0 = Debug|Any CPU
		{E1C94415-3424-4517-A2A1-B2FDD1F59C67}.Debug|x86.ActiveCfg = Debug|Any CPU
		{E1C94415-3424-4517-A2A1-B2FDD1F59C67}.Debug|x86.Build.0 = Debug|Any CPU
		{E1C94415-3424-4517-A2A1-B2FDD1F59C67}.MicrosoftStore|ARM64.ActiveCfg = MicrosoftStore|ARM64
		{E1C94415-3424-4517-A2A1-B2FDD1F59C67}.MicrosoftStore|ARM64.Build.0 = MicrosoftStore|ARM64
		{E1C94415-3424-4517-A2A1-B2FDD1F59C67}.MicrosoftStore|x64.ActiveCfg = MicrosoftStore|x64
		{E1C94415-3424-4517-A2A1-B2FDD1F59C67}.MicrosoftStore|x64.Build.0 = MicrosoftStore|x64
		{E1C94415-3424-4517-A2A1-B2FDD1F59C67}.MicrosoftStore|Any CPU.ActiveCfg = MicrosoftStore|Any CPU
		{E1C94415-3424-4517-A2A1-B2FDD1F59C67}.MicrosoftStore|Any CPU.Build.0 = MicrosoftStore|Any CPU
		{E1C94415-3424-4517-A2A1-B2FDD1F59C67}.MicrosoftStore|x86.ActiveCfg = MicrosoftStore|Any CPU
		{E1C94415-3424-4517-A2A1-B2FDD1F59C67}.MicrosoftStore|x86.Build.0 = MicrosoftStore|Any CPU
		{E1C94415-3424-4517-A2A1-B2FDD1F59C67}.MicrosoftStoreDebug|ARM64.ActiveCfg = MicrosoftStoreDebug|ARM64
		{E1C94415-3424-4517-A2A1-B2FDD1F59C67}.MicrosoftStoreDebug|ARM64.Build.0 = MicrosoftStoreDebug|ARM64
		{E1C94415-3424-4517-A2A1-B2FDD1F59C67}.MicrosoftStoreDebug|x64.ActiveCfg = MicrosoftStoreDebug|x64
		{E1C94415-3424-4517-A2A1-B2FDD1F59C67}.MicrosoftStoreDebug|x64.Build.0 = MicrosoftStoreDebug|x64
		{E1C94415-3424-4517-A2A1-B2FDD1F59C67}.MicrosoftStoreDebug|Any CPU.ActiveCfg = MicrosoftStoreDebug|Any CPU
		{E1C94415-3424-4517-A2A1-B2FDD1F59C67}.MicrosoftStoreDebug|Any CPU.Build.0 = MicrosoftStoreDebug|Any CPU
		{E1C94415-3424-4517-A2A1-B2FDD1F59C67}.MicrosoftStoreDebug|x86.ActiveCfg = MicrosoftStoreDebug|Any CPU
		{E1C94415-3424-4517-A2A1-B2FDD1F59C67}.MicrosoftStoreDebug|x86.Build.0 = MicrosoftStoreDebug|Any CPU
		{E1C94415-3424-4517-A2A1-B2FDD1F59C67}.Release|ARM64.ActiveCfg = Release|ARM64
		{E1C94415-3424-4517-A2A1-B2FDD1F59C67}.Release|ARM64.Build.0 = Release|ARM64
		{E1C94415-3424-4517-A2A1-B2FDD1F59C67}.Release|x64.ActiveCfg = Release|x64
		{E1C94415-3424-4517-A2A1-B2FDD1F59C67}.Release|x64.Build.0 = Release|x64
		{E1C94415-3424-4517-A2A1-B2FDD1F59C67}.Release|Any CPU.ActiveCfg = Release|Any CPU
		{E1C94415-3424-4517-A2A1-B2FDD1F59C67}.Release|Any CPU.Build.0 = Release|Any CPU
		{E1C94415-3424-4517-A2A1-B2FDD1F59C67}.Release|x86.ActiveCfg = Release|Any CPU
		{E1C94415-3424-4517-A2A1-B2FDD1F59C67}.Release|x86.Build.0 = Release|Any CPU
		{E1C94415-3424-4517-A2A1-B2FDD1F59C67}.Steam|ARM64.ActiveCfg = Steam|ARM64
		{E1C94415-3424-4517-A2A1-B2FDD1F59C67}.Steam|ARM64.Build.0 = Steam|ARM64
		{E1C94415-3424-4517-A2A1-B2FDD1F59C67}.Steam|x64.ActiveCfg = Steam|x64
		{E1C94415-3424-4517-A2A1-B2FDD1F59C67}.Steam|x64.Build.0 = Steam|x64
		{E1C94415-3424-4517-A2A1-B2FDD1F59C67}.Steam|Any CPU.ActiveCfg = Steam|Any CPU
		{E1C94415-3424-4517-A2A1-B2FDD1F59C67}.Steam|Any CPU.Build.0 = Steam|Any CPU
		{E1C94415-3424-4517-A2A1-B2FDD1F59C67}.Steam|x86.ActiveCfg = Steam|Any CPU
		{E1C94415-3424-4517-A2A1-B2FDD1F59C67}.Steam|x86.Build.0 = Steam|Any CPU
		{0156A9D8-E6EC-CE3A-92B7-AE1A23B9FBAE}.Debug|ARM64.ActiveCfg = Debug|ARM64
		{0156A9D8-E6EC-CE3A-92B7-AE1A23B9FBAE}.Debug|ARM64.Build.0 = Debug|ARM64
		{0156A9D8-E6EC-CE3A-92B7-AE1A23B9FBAE}.Debug|x64.ActiveCfg = Debug|x64
		{0156A9D8-E6EC-CE3A-92B7-AE1A23B9FBAE}.Debug|x64.Build.0 = Debug|x64
		{0156A9D8-E6EC-CE3A-92B7-AE1A23B9FBAE}.Debug|Any CPU.ActiveCfg = Debug|Any CPU
		{0156A9D8-E6EC-CE3A-92B7-AE1A23B9FBAE}.Debug|Any CPU.Build.0 = Debug|Any CPU
		{0156A9D8-E6EC-CE3A-92B7-AE1A23B9FBAE}.Debug|x86.ActiveCfg = Debug|Any CPU
		{0156A9D8-E6EC-CE3A-92B7-AE1A23B9FBAE}.Debug|x86.Build.0 = Debug|Any CPU
		{0156A9D8-E6EC-CE3A-92B7-AE1A23B9FBAE}.MicrosoftStore|ARM64.ActiveCfg = MicrosoftStore|ARM64
		{0156A9D8-E6EC-CE3A-92B7-AE1A23B9FBAE}.MicrosoftStore|ARM64.Build.0 = MicrosoftStore|ARM64
		{0156A9D8-E6EC-CE3A-92B7-AE1A23B9FBAE}.MicrosoftStore|x64.ActiveCfg = MicrosoftStore|x64
		{0156A9D8-E6EC-CE3A-92B7-AE1A23B9FBAE}.MicrosoftStore|x64.Build.0 = MicrosoftStore|x64
		{0156A9D8-E6EC-CE3A-92B7-AE1A23B9FBAE}.MicrosoftStore|Any CPU.ActiveCfg = MicrosoftStore|Any CPU
		{0156A9D8-E6EC-CE3A-92B7-AE1A23B9FBAE}.MicrosoftStore|Any CPU.Build.0 = MicrosoftStore|Any CPU
		{0156A9D8-E6EC-CE3A-92B7-AE1A23B9FBAE}.MicrosoftStore|x86.ActiveCfg = MicrosoftStore|Any CPU
		{0156A9D8-E6EC-CE3A-92B7-AE1A23B9FBAE}.MicrosoftStore|x86.Build.0 = MicrosoftStore|Any CPU
		{0156A9D8-E6EC-CE3A-92B7-AE1A23B9FBAE}.MicrosoftStoreDebug|ARM64.ActiveCfg = MicrosoftStoreDebug|ARM64
		{0156A9D8-E6EC-CE3A-92B7-AE1A23B9FBAE}.MicrosoftStoreDebug|ARM64.Build.0 = MicrosoftStoreDebug|ARM64
		{0156A9D8-E6EC-CE3A-92B7-AE1A23B9FBAE}.MicrosoftStoreDebug|x64.ActiveCfg = MicrosoftStoreDebug|x64
		{0156A9D8-E6EC-CE3A-92B7-AE1A23B9FBAE}.MicrosoftStoreDebug|x64.Build.0 = MicrosoftStoreDebug|x64
		{0156A9D8-E6EC-CE3A-92B7-AE1A23B9FBAE}.MicrosoftStoreDebug|Any CPU.ActiveCfg = MicrosoftStoreDebug|Any CPU
		{0156A9D8-E6EC-CE3A-92B7-AE1A23B9FBAE}.MicrosoftStoreDebug|Any CPU.Build.0 = MicrosoftStoreDebug|Any CPU
		{0156A9D8-E6EC-CE3A-92B7-AE1A23B9FBAE}.MicrosoftStoreDebug|x86.ActiveCfg = MicrosoftStoreDebug|Any CPU
		{0156A9D8-E6EC-CE3A-92B7-AE1A23B9FBAE}.MicrosoftStoreDebug|x86.Build.0 = MicrosoftStoreDebug|Any CPU
		{0156A9D8-E6EC-CE3A-92B7-AE1A23B9FBAE}.Release|ARM64.ActiveCfg = Release|ARM64
		{0156A9D8-E6EC-CE3A-92B7-AE1A23B9FBAE}.Release|ARM64.Build.0 = Release|ARM64
		{0156A9D8-E6EC-CE3A-92B7-AE1A23B9FBAE}.Release|x64.ActiveCfg = Release|x64
		{0156A9D8-E6EC-CE3A-92B7-AE1A23B9FBAE}.Release|x64.Build.0 = Release|x64
		{0156A9D8-E6EC-CE3A-92B7-AE1A23B9FBAE}.Release|Any CPU.ActiveCfg = Release|Any CPU
		{0156A9D8-E6EC-CE3A-92B7-AE1A23B9FBAE}.Release|Any CPU.Build.0 = Release|Any CPU
		{0156A9D8-E6EC-CE3A-92B7-AE1A23B9FBAE}.Release|x86.ActiveCfg = Release|Any CPU
		{0156A9D8-E6EC-CE3A-92B7-AE1A23B9FBAE}.Release|x86.Build.0 = Release|Any CPU
		{0156A9D8-E6EC-CE3A-92B7-AE1A23B9FBAE}.Steam|ARM64.ActiveCfg = Steam|ARM64
		{0156A9D8-E6EC-CE3A-92B7-AE1A23B9FBAE}.Steam|ARM64.Build.0 = Steam|ARM64
		{0156A9D8-E6EC-CE3A-92B7-AE1A23B9FBAE}.Steam|x64.ActiveCfg = Steam|x64
		{0156A9D8-E6EC-CE3A-92B7-AE1A23B9FBAE}.Steam|x64.Build.0 = Steam|x64
		{0156A9D8-E6EC-CE3A-92B7-AE1A23B9FBAE}.Steam|Any CPU.ActiveCfg = Steam|Any CPU
		{0156A9D8-E6EC-CE3A-92B7-AE1A23B9FBAE}.Steam|Any CPU.Build.0 = Steam|Any CPU
		{0156A9D8-E6EC-CE3A-92B7-AE1A23B9FBAE}.Steam|x86.ActiveCfg = Steam|Any CPU
		{0156A9D8-E6EC-CE3A-92B7-AE1A23B9FBAE}.Steam|x86.Build.0 = Steam|Any CPU
		{6760D11A-1E09-432D-AF4E-DA0C110B69B9}.Debug|ARM64.ActiveCfg = Debug|ARM64
		{6760D11A-1E09-432D-AF4E-DA0C110B69B9}.Debug|ARM64.Build.0 = Debug|ARM64
		{6760D11A-1E09-432D-AF4E-DA0C110B69B9}.Debug|x64.ActiveCfg = Debug|x64
		{6760D11A-1E09-432D-AF4E-DA0C110B69B9}.Debug|x64.Build.0 = Debug|x64
		{6760D11A-1E09-432D-AF4E-DA0C110B69B9}.Debug|Any CPU.ActiveCfg = Debug|x64
		{6760D11A-1E09-432D-AF4E-DA0C110B69B9}.Debug|Any CPU.Build.0 = Debug|x64
		{6760D11A-1E09-432D-AF4E-DA0C110B69B9}.Debug|x86.ActiveCfg = Debug|x64
		{6760D11A-1E09-432D-AF4E-DA0C110B69B9}.Debug|x86.Build.0 = Debug|x64
		{6760D11A-1E09-432D-AF4E-DA0C110B69B9}.MicrosoftStore|ARM64.ActiveCfg = MicrosoftStore|ARM64
		{6760D11A-1E09-432D-AF4E-DA0C110B69B9}.MicrosoftStore|ARM64.Build.0 = MicrosoftStore|ARM64
		{6760D11A-1E09-432D-AF4E-DA0C110B69B9}.MicrosoftStore|x64.ActiveCfg = MicrosoftStore|x64
		{6760D11A-1E09-432D-AF4E-DA0C110B69B9}.MicrosoftStore|x64.Build.0 = MicrosoftStore|x64
		{6760D11A-1E09-432D-AF4E-DA0C110B69B9}.MicrosoftStore|Any CPU.ActiveCfg = MicrosoftStore|x64
		{6760D11A-1E09-432D-AF4E-DA0C110B69B9}.MicrosoftStore|Any CPU.Build.0 = MicrosoftStore|x64
		{6760D11A-1E09-432D-AF4E-DA0C110B69B9}.MicrosoftStore|x86.ActiveCfg = MicrosoftStore|x64
		{6760D11A-1E09-432D-AF4E-DA0C110B69B9}.MicrosoftStore|x86.Build.0 = MicrosoftStore|x64
		{6760D11A-1E09-432D-AF4E-DA0C110B69B9}.MicrosoftStoreDebug|ARM64.ActiveCfg = MicrosoftStoreDebug|ARM64
		{6760D11A-1E09-432D-AF4E-DA0C110B69B9}.MicrosoftStoreDebug|ARM64.Build.0 = MicrosoftStoreDebug|ARM64
		{6760D11A-1E09-432D-AF4E-DA0C110B69B9}.MicrosoftStoreDebug|x64.ActiveCfg = MicrosoftStoreDebug|x64
		{6760D11A-1E09-432D-AF4E-DA0C110B69B9}.MicrosoftStoreDebug|x64.Build.0 = MicrosoftStoreDebug|x64
		{6760D11A-1E09-432D-AF4E-DA0C110B69B9}.MicrosoftStoreDebug|Any CPU.ActiveCfg = MicrosoftStoreDebug|x64
		{6760D11A-1E09-432D-AF4E-DA0C110B69B9}.MicrosoftStoreDebug|Any CPU.Build.0 = MicrosoftStoreDebug|x64
		{6760D11A-1E09-432D-AF4E-DA0C110B69B9}.MicrosoftStoreDebug|x86.ActiveCfg = MicrosoftStoreDebug|x64
		{6760D11A-1E09-432D-AF4E-DA0C110B69B9}.MicrosoftStoreDebug|x86.Build.0 = MicrosoftStoreDebug|x64
		{6760D11A-1E09-432D-AF4E-DA0C110B69B9}.Release|ARM64.ActiveCfg = Release|ARM64
		{6760D11A-1E09-432D-AF4E-DA0C110B69B9}.Release|ARM64.Build.0 = Release|ARM64
		{6760D11A-1E09-432D-AF4E-DA0C110B69B9}.Release|x64.ActiveCfg = Release|x64
		{6760D11A-1E09-432D-AF4E-DA0C110B69B9}.Release|x64.Build.0 = Release|x64
		{6760D11A-1E09-432D-AF4E-DA0C110B69B9}.Release|Any CPU.ActiveCfg = Release|x64
		{6760D11A-1E09-432D-AF4E-DA0C110B69B9}.Release|Any CPU.Build.0 = Release|x64
		{6760D11A-1E09-432D-AF4E-DA0C110B69B9}.Release|x86.ActiveCfg = Release|x64
		{6760D11A-1E09-432D-AF4E-DA0C110B69B9}.Release|x86.Build.0 = Release|x64
		{6760D11A-1E09-432D-AF4E-DA0C110B69B9}.Steam|ARM64.ActiveCfg = Steam|ARM64
		{6760D11A-1E09-432D-AF4E-DA0C110B69B9}.Steam|ARM64.Build.0 = Steam|ARM64
		{6760D11A-1E09-432D-AF4E-DA0C110B69B9}.Steam|x64.ActiveCfg = Steam|x64
		{6760D11A-1E09-432D-AF4E-DA0C110B69B9}.Steam|x64.Build.0 = Steam|x64
		{6760D11A-1E09-432D-AF4E-DA0C110B69B9}.Steam|Any CPU.ActiveCfg = Steam|x64
		{6760D11A-1E09-432D-AF4E-DA0C110B69B9}.Steam|Any CPU.Build.0 = Steam|x64
		{6760D11A-1E09-432D-AF4E-DA0C110B69B9}.Steam|x86.ActiveCfg = Steam|x64
		{6760D11A-1E09-432D-AF4E-DA0C110B69B9}.Steam|x86.Build.0 = Steam|x64
		{7432E9BA-0664-435B-9F22-53593EAEBE61}.Debug|ARM64.ActiveCfg = Debug|ARM64
		{7432E9BA-0664-435B-9F22-53593EAEBE61}.Debug|ARM64.Build.0 = Debug|ARM64
		{7432E9BA-0664-435B-9F22-53593EAEBE61}.Debug|x64.ActiveCfg = Debug|x64
		{7432E9BA-0664-435B-9F22-53593EAEBE61}.Debug|x64.Build.0 = Debug|x64
		{7432E9BA-0664-435B-9F22-53593EAEBE61}.Debug|Any CPU.ActiveCfg = Debug|x64
		{7432E9BA-0664-435B-9F22-53593EAEBE61}.Debug|Any CPU.Build.0 = Debug|x64
		{7432E9BA-0664-435B-9F22-53593EAEBE61}.Debug|x86.ActiveCfg = Debug|x64
		{7432E9BA-0664-435B-9F22-53593EAEBE61}.Debug|x86.Build.0 = Debug|x64
		{7432E9BA-0664-435B-9F22-53593EAEBE61}.MicrosoftStore|ARM64.ActiveCfg = MicrosoftStore|ARM64
		{7432E9BA-0664-435B-9F22-53593EAEBE61}.MicrosoftStore|ARM64.Build.0 = MicrosoftStore|ARM64
		{7432E9BA-0664-435B-9F22-53593EAEBE61}.MicrosoftStore|x64.ActiveCfg = MicrosoftStore|x64
		{7432E9BA-0664-435B-9F22-53593EAEBE61}.MicrosoftStore|x64.Build.0 = MicrosoftStore|x64
		{7432E9BA-0664-435B-9F22-53593EAEBE61}.MicrosoftStore|Any CPU.ActiveCfg = MicrosoftStore|x64
		{7432E9BA-0664-435B-9F22-53593EAEBE61}.MicrosoftStore|Any CPU.Build.0 = MicrosoftStore|x64
		{7432E9BA-0664-435B-9F22-53593EAEBE61}.MicrosoftStore|x86.ActiveCfg = MicrosoftStore|x64
		{7432E9BA-0664-435B-9F22-53593EAEBE61}.MicrosoftStore|x86.Build.0 = MicrosoftStore|x64
		{7432E9BA-0664-435B-9F22-53593EAEBE61}.MicrosoftStoreDebug|ARM64.ActiveCfg = MicrosoftStoreDebug|ARM64
		{7432E9BA-0664-435B-9F22-53593EAEBE61}.MicrosoftStoreDebug|ARM64.Build.0 = MicrosoftStoreDebug|ARM64
		{7432E9BA-0664-435B-9F22-53593EAEBE61}.MicrosoftStoreDebug|x64.ActiveCfg = MicrosoftStoreDebug|x64
		{7432E9BA-0664-435B-9F22-53593EAEBE61}.MicrosoftStoreDebug|x64.Build.0 = MicrosoftStoreDebug|x64
		{7432E9BA-0664-435B-9F22-53593EAEBE61}.MicrosoftStoreDebug|Any CPU.ActiveCfg = MicrosoftStoreDebug|x64
		{7432E9BA-0664-435B-9F22-53593EAEBE61}.MicrosoftStoreDebug|Any CPU.Build.0 = MicrosoftStoreDebug|x64
		{7432E9BA-0664-435B-9F22-53593EAEBE61}.MicrosoftStoreDebug|x86.ActiveCfg = MicrosoftStoreDebug|x64
		{7432E9BA-0664-435B-9F22-53593EAEBE61}.MicrosoftStoreDebug|x86.Build.0 = MicrosoftStoreDebug|x64
		{7432E9BA-0664-435B-9F22-53593EAEBE61}.Release|ARM64.ActiveCfg = Release|ARM64
		{7432E9BA-0664-435B-9F22-53593EAEBE61}.Release|ARM64.Build.0 = Release|ARM64
		{7432E9BA-0664-435B-9F22-53593EAEBE61}.Release|x64.ActiveCfg = Release|x64
		{7432E9BA-0664-435B-9F22-53593EAEBE61}.Release|x64.Build.0 = Release|x64
		{7432E9BA-0664-435B-9F22-53593EAEBE61}.Release|Any CPU.ActiveCfg = Release|x64
		{7432E9BA-0664-435B-9F22-53593EAEBE61}.Release|Any CPU.Build.0 = Release|x64
		{7432E9BA-0664-435B-9F22-53593EAEBE61}.Release|x86.ActiveCfg = Release|x64
		{7432E9BA-0664-435B-9F22-53593EAEBE61}.Release|x86.Build.0 = Release|x64
		{7432E9BA-0664-435B-9F22-53593EAEBE61}.Steam|ARM64.ActiveCfg = Steam|ARM64
		{7432E9BA-0664-435B-9F22-53593EAEBE61}.Steam|ARM64.Build.0 = Steam|ARM64
		{7432E9BA-0664-435B-9F22-53593EAEBE61}.Steam|x64.ActiveCfg = Steam|x64
		{7432E9BA-0664-435B-9F22-53593EAEBE61}.Steam|x64.Build.0 = Steam|x64
		{7432E9BA-0664-435B-9F22-53593EAEBE61}.Steam|Any CPU.ActiveCfg = Steam|x64
		{7432E9BA-0664-435B-9F22-53593EAEBE61}.Steam|Any CPU.Build.0 = Steam|x64
		{7432E9BA-0664-435B-9F22-53593EAEBE61}.Steam|x86.ActiveCfg = Steam|x64
		{7432E9BA-0664-435B-9F22-53593EAEBE61}.Steam|x86.Build.0 = Steam|x64
		{51DC4796-E8FA-4034-9D6E-B8112CB691F4}.Debug|ARM64.ActiveCfg = Debug|x64
		{51DC4796-E8FA-4034-9D6E-B8112CB691F4}.Debug|ARM64.Build.0 = Debug|x64
		{51DC4796-E8FA-4034-9D6E-B8112CB691F4}.Debug|x64.ActiveCfg = Debug|x64
		{51DC4796-E8FA-4034-9D6E-B8112CB691F4}.Debug|x64.Build.0 = Debug|x64
		{51DC4796-E8FA-4034-9D6E-B8112CB691F4}.Debug|Any CPU.ActiveCfg = Debug|x64
		{51DC4796-E8FA-4034-9D6E-B8112CB691F4}.Debug|Any CPU.Build.0 = Debug|x64
		{51DC4796-E8FA-4034-9D6E-B8112CB691F4}.Debug|x86.ActiveCfg = Debug|x64
		{51DC4796-E8FA-4034-9D6E-B8112CB691F4}.Debug|x86.Build.0 = Debug|x64
		{51DC4796-E8FA-4034-9D6E-B8112CB691F4}.MicrosoftStore|ARM64.ActiveCfg = Debug|x64
		{51DC4796-E8FA-4034-9D6E-B8112CB691F4}.MicrosoftStore|ARM64.Build.0 = Debug|x64
		{51DC4796-E8FA-4034-9D6E-B8112CB691F4}.MicrosoftStore|x64.ActiveCfg = Debug|x64
		{51DC4796-E8FA-4034-9D6E-B8112CB691F4}.MicrosoftStore|x64.Build.0 = Debug|x64
		{51DC4796-E8FA-4034-9D6E-B8112CB691F4}.MicrosoftStore|Any CPU.ActiveCfg = Debug|x64
		{51DC4796-E8FA-4034-9D6E-B8112CB691F4}.MicrosoftStore|Any CPU.Build.0 = Debug|x64
		{51DC4796-E8FA-4034-9D6E-B8112CB691F4}.MicrosoftStore|x86.ActiveCfg = Debug|x64
		{51DC4796-E8FA-4034-9D6E-B8112CB691F4}.MicrosoftStore|x86.Build.0 = Debug|x64
		{51DC4796-E8FA-4034-9D6E-B8112CB691F4}.MicrosoftStoreDebug|ARM64.ActiveCfg = Debug|x64
		{51DC4796-E8FA-4034-9D6E-B8112CB691F4}.MicrosoftStoreDebug|ARM64.Build.0 = Debug|x64
		{51DC4796-E8FA-4034-9D6E-B8112CB691F4}.MicrosoftStoreDebug|x64.ActiveCfg = Debug|x64
		{51DC4796-E8FA-4034-9D6E-B8112CB691F4}.MicrosoftStoreDebug|x64.Build.0 = Debug|x64
		{51DC4796-E8FA-4034-9D6E-B8112CB691F4}.MicrosoftStoreDebug|Any CPU.ActiveCfg = Debug|x64
		{51DC4796-E8FA-4034-9D6E-B8112CB691F4}.MicrosoftStoreDebug|Any CPU.Build.0 = Debug|x64
		{51DC4796-E8FA-4034-9D6E-B8112CB691F4}.MicrosoftStoreDebug|x86.ActiveCfg = Debug|x64
		{51DC4796-E8FA-4034-9D6E-B8112CB691F4}.MicrosoftStoreDebug|x86.Build.0 = Debug|x64
		{51DC4796-E8FA-4034-9D6E-B8112CB691F4}.Release|ARM64.ActiveCfg = Release|x64
		{51DC4796-E8FA-4034-9D6E-B8112CB691F4}.Release|ARM64.Build.0 = Release|x64
		{51DC4796-E8FA-4034-9D6E-B8112CB691F4}.Release|x64.ActiveCfg = Release|x64
		{51DC4796-E8FA-4034-9D6E-B8112CB691F4}.Release|x64.Build.0 = Release|x64
		{51DC4796-E8FA-4034-9D6E-B8112CB691F4}.Release|Any CPU.ActiveCfg = Release|x64
		{51DC4796-E8FA-4034-9D6E-B8112CB691F4}.Release|Any CPU.Build.0 = Release|x64
		{51DC4796-E8FA-4034-9D6E-B8112CB691F4}.Release|x86.ActiveCfg = Release|x64
		{51DC4796-E8FA-4034-9D6E-B8112CB691F4}.Release|x86.Build.0 = Release|x64
		{51DC4796-E8FA-4034-9D6E-B8112CB691F4}.Steam|ARM64.ActiveCfg = Debug|x64
		{51DC4796-E8FA-4034-9D6E-B8112CB691F4}.Steam|ARM64.Build.0 = Debug|x64
		{51DC4796-E8FA-4034-9D6E-B8112CB691F4}.Steam|x64.ActiveCfg = Debug|x64
		{51DC4796-E8FA-4034-9D6E-B8112CB691F4}.Steam|x64.Build.0 = Debug|x64
		{51DC4796-E8FA-4034-9D6E-B8112CB691F4}.Steam|Any CPU.ActiveCfg = Debug|x64
		{51DC4796-E8FA-4034-9D6E-B8112CB691F4}.Steam|Any CPU.Build.0 = Debug|x64
		{51DC4796-E8FA-4034-9D6E-B8112CB691F4}.Steam|x86.ActiveCfg = Debug|x64
		{51DC4796-E8FA-4034-9D6E-B8112CB691F4}.Steam|x86.Build.0 = Debug|x64
	EndGlobalSection
	GlobalSection(SolutionProperties) = preSolution
		HideSolutionNode = FALSE
	EndGlobalSection
	GlobalSection(ExtensibilityGlobals) = postSolution
		SolutionGuid = {DEACF1C2-28EE-44DF-B55E-2234F6137272}
	EndGlobalSection
EndGlobal
